// !$*UTF8*$!
{
	archiveVersion = 1;
	classes = {
	};
	objectVersion = 55;
	objects = {

/* Begin PBXBuildFile section */
		461CA37128041307009CE3D6 /* realm_swiftUIApp.swift in Sources */ = {isa = PBXBuildFile; fileRef = 461CA37028041307009CE3D6 /* realm_swiftUIApp.swift */; };
		461CA37328041307009CE3D6 /* ContentView.swift in Sources */ = {isa = PBXBuildFile; fileRef = 461CA37228041307009CE3D6 /* ContentView.swift */; };
		461CA37528041308009CE3D6 /* Assets.xcassets in Resources */ = {isa = PBXBuildFile; fileRef = 461CA37428041308009CE3D6 /* Assets.xcassets */; };
		461CA37828041308009CE3D6 /* Preview Assets.xcassets in Resources */ = {isa = PBXBuildFile; fileRef = 461CA37728041308009CE3D6 /* Preview Assets.xcassets */; };
		461CA38228041308009CE3D6 /* realm_swiftUITests.swift in Sources */ = {isa = PBXBuildFile; fileRef = 461CA38128041308009CE3D6 /* realm_swiftUITests.swift */; };
		461CA38C28041308009CE3D6 /* realm_swiftUIUITests.swift in Sources */ = {isa = PBXBuildFile; fileRef = 461CA38B28041308009CE3D6 /* realm_swiftUIUITests.swift */; };
		461CA38E28041308009CE3D6 /* realm_swiftUIUITestsLaunchTests.swift in Sources */ = {isa = PBXBuildFile; fileRef = 461CA38D28041308009CE3D6 /* realm_swiftUIUITestsLaunchTests.swift */; };
		461CA39C2804F9FF009CE3D6 /* Realm in Frameworks */ = {isa = PBXBuildFile; productRef = 461CA39B2804F9FF009CE3D6 /* Realm */; };
		461CA39E2804F9FF009CE3D6 /* RealmSwift in Frameworks */ = {isa = PBXBuildFile; productRef = 461CA39D2804F9FF009CE3D6 /* RealmSwift */; };
/* End PBXBuildFile section */

/* Begin PBXContainerItemProxy section */
		461CA37E28041308009CE3D6 /* PBXContainerItemProxy */ = {
			isa = PBXContainerItemProxy;
			containerPortal = 461CA36528041307009CE3D6 /* Project object */;
			proxyType = 1;
			remoteGlobalIDString = 461CA36C28041307009CE3D6;
			remoteInfo = realm_swiftUI;
		};
		461CA38828041308009CE3D6 /* PBXContainerItemProxy */ = {
			isa = PBXContainerItemProxy;
			containerPortal = 461CA36528041307009CE3D6 /* Project object */;
			proxyType = 1;
			remoteGlobalIDString = 461CA36C28041307009CE3D6;
			remoteInfo = realm_swiftUI;
		};
/* End PBXContainerItemProxy section */

/* Begin PBXFileReference section */
		461CA36D28041307009CE3D6 /* realm_swiftUI.app */ = {isa = PBXFileReference; explicitFileType = wrapper.application; includeInIndex = 0; path = realm_swiftUI.app; sourceTree = BUILT_PRODUCTS_DIR; };
		461CA37028041307009CE3D6 /* realm_swiftUIApp.swift */ = {isa = PBXFileReference; lastKnownFileType = sourcecode.swift; path = realm_swiftUIApp.swift; sourceTree = "<group>"; };
		461CA37228041307009CE3D6 /* ContentView.swift */ = {isa = PBXFileReference; lastKnownFileType = sourcecode.swift; path = ContentView.swift; sourceTree = "<group>"; };
		461CA37428041308009CE3D6 /* Assets.xcassets */ = {isa = PBXFileReference; lastKnownFileType = folder.assetcatalog; path = Assets.xcassets; sourceTree = "<group>"; };
		461CA37728041308009CE3D6 /* Preview Assets.xcassets */ = {isa = PBXFileReference; lastKnownFileType = folder.assetcatalog; path = "Preview Assets.xcassets"; sourceTree = "<group>"; };
		461CA37D28041308009CE3D6 /* realm_swiftUITests.xctest */ = {isa = PBXFileReference; explicitFileType = wrapper.cfbundle; includeInIndex = 0; path = realm_swiftUITests.xctest; sourceTree = BUILT_PRODUCTS_DIR; };
		461CA38128041308009CE3D6 /* realm_swiftUITests.swift */ = {isa = PBXFileReference; lastKnownFileType = sourcecode.swift; path = realm_swiftUITests.swift; sourceTree = "<group>"; };
		461CA38728041308009CE3D6 /* realm_swiftUIUITests.xctest */ = {isa = PBXFileReference; explicitFileType = wrapper.cfbundle; includeInIndex = 0; path = realm_swiftUIUITests.xctest; sourceTree = BUILT_PRODUCTS_DIR; };
		461CA38B28041308009CE3D6 /* realm_swiftUIUITests.swift */ = {isa = PBXFileReference; lastKnownFileType = sourcecode.swift; path = realm_swiftUIUITests.swift; sourceTree = "<group>"; };
		461CA38D28041308009CE3D6 /* realm_swiftUIUITestsLaunchTests.swift */ = {isa = PBXFileReference; lastKnownFileType = sourcecode.swift; path = realm_swiftUIUITestsLaunchTests.swift; sourceTree = "<group>"; };
/* End PBXFileReference section */

/* Begin PBXFrameworksBuildPhase section */
		461CA36A28041307009CE3D6 /* Frameworks */ = {
			isa = PBXFrameworksBuildPhase;
			buildActionMask = 2147483647;
			files = (
				461CA39E2804F9FF009CE3D6 /* RealmSwift in Frameworks */,
				461CA39C2804F9FF009CE3D6 /* Realm in Frameworks */,
			);
			runOnlyForDeploymentPostprocessing = 0;
		};
		461CA37A28041308009CE3D6 /* Frameworks */ = {
			isa = PBXFrameworksBuildPhase;
			buildActionMask = 2147483647;
			files = (
			);
			runOnlyForDeploymentPostprocessing = 0;
		};
		461CA38428041308009CE3D6 /* Frameworks */ = {
			isa = PBXFrameworksBuildPhase;
			buildActionMask = 2147483647;
			files = (
			);
			runOnlyForDeploymentPostprocessing = 0;
		};
/* End PBXFrameworksBuildPhase section */

/* Begin PBXGroup section */
		461CA36428041307009CE3D6 = {
			isa = PBXGroup;
			children = (
				461CA36F28041307009CE3D6 /* realm_swiftUI */,
				461CA38028041308009CE3D6 /* realm_swiftUITests */,
				461CA38A28041308009CE3D6 /* realm_swiftUIUITests */,
				461CA36E28041307009CE3D6 /* Products */,
			);
			sourceTree = "<group>";
		};
		461CA36E28041307009CE3D6 /* Products */ = {
			isa = PBXGroup;
			children = (
				461CA36D28041307009CE3D6 /* realm_swiftUI.app */,
				461CA37D28041308009CE3D6 /* realm_swiftUITests.xctest */,
				461CA38728041308009CE3D6 /* realm_swiftUIUITests.xctest */,
			);
			name = Products;
			sourceTree = "<group>";
		};
		461CA36F28041307009CE3D6 /* realm_swiftUI */ = {
			isa = PBXGroup;
			children = (
				461CA37028041307009CE3D6 /* realm_swiftUIApp.swift */,
				461CA37228041307009CE3D6 /* ContentView.swift */,
				461CA37428041308009CE3D6 /* Assets.xcassets */,
				461CA37628041308009CE3D6 /* Preview Content */,
			);
			path = realm_swiftUI;
			sourceTree = "<group>";
		};
		461CA37628041308009CE3D6 /* Preview Content */ = {
			isa = PBXGroup;
			children = (
				461CA37728041308009CE3D6 /* Preview Assets.xcassets */,
			);
			path = "Preview Content";
			sourceTree = "<group>";
		};
		461CA38028041308009CE3D6 /* realm_swiftUITests */ = {
			isa = PBXGroup;
			children = (
				461CA38128041308009CE3D6 /* realm_swiftUITests.swift */,
			);
			path = realm_swiftUITests;
			sourceTree = "<group>";
		};
		461CA38A28041308009CE3D6 /* realm_swiftUIUITests */ = {
			isa = PBXGroup;
			children = (
				461CA38B28041308009CE3D6 /* realm_swiftUIUITests.swift */,
				461CA38D28041308009CE3D6 /* realm_swiftUIUITestsLaunchTests.swift */,
			);
			path = realm_swiftUIUITests;
			sourceTree = "<group>";
		};
/* End PBXGroup section */

/* Begin PBXNativeTarget section */
		461CA36C28041307009CE3D6 /* realm_swiftUI */ = {
			isa = PBXNativeTarget;
			buildConfigurationList = 461CA39128041308009CE3D6 /* Build configuration list for PBXNativeTarget "realm_swiftUI" */;
			buildPhases = (
				461CA36928041307009CE3D6 /* Sources */,
				461CA36A28041307009CE3D6 /* Frameworks */,
				461CA36B28041307009CE3D6 /* Resources */,
			);
			buildRules = (
			);
			dependencies = (
			);
			name = realm_swiftUI;
			packageProductDependencies = (
				461CA39B2804F9FF009CE3D6 /* Realm */,
				461CA39D2804F9FF009CE3D6 /* RealmSwift */,
			);
			productName = realm_swiftUI;
			productReference = 461CA36D28041307009CE3D6 /* realm_swiftUI.app */;
			productType = "com.apple.product-type.application";
		};
		461CA37C28041308009CE3D6 /* realm_swiftUITests */ = {
			isa = PBXNativeTarget;
			buildConfigurationList = 461CA39428041308009CE3D6 /* Build configuration list for PBXNativeTarget "realm_swiftUITests" */;
			buildPhases = (
				461CA37928041308009CE3D6 /* Sources */,
				461CA37A28041308009CE3D6 /* Frameworks */,
				461CA37B28041308009CE3D6 /* Resources */,
			);
			buildRules = (
			);
			dependencies = (
				461CA37F28041308009CE3D6 /* PBXTargetDependency */,
			);
			name = realm_swiftUITests;
			productName = realm_swiftUITests;
			productReference = 461CA37D28041308009CE3D6 /* realm_swiftUITests.xctest */;
			productType = "com.apple.product-type.bundle.unit-test";
		};
		461CA38628041308009CE3D6 /* realm_swiftUIUITests */ = {
			isa = PBXNativeTarget;
			buildConfigurationList = 461CA39728041308009CE3D6 /* Build configuration list for PBXNativeTarget "realm_swiftUIUITests" */;
			buildPhases = (
				461CA38328041308009CE3D6 /* Sources */,
				461CA38428041308009CE3D6 /* Frameworks */,
				461CA38528041308009CE3D6 /* Resources */,
			);
			buildRules = (
			);
			dependencies = (
				461CA38928041308009CE3D6 /* PBXTargetDependency */,
			);
			name = realm_swiftUIUITests;
			productName = realm_swiftUIUITests;
			productReference = 461CA38728041308009CE3D6 /* realm_swiftUIUITests.xctest */;
			productType = "com.apple.product-type.bundle.ui-testing";
		};
/* End PBXNativeTarget section */

/* Begin PBXProject section */
		461CA36528041307009CE3D6 /* Project object */ = {
			isa = PBXProject;
			attributes = {
				BuildIndependentTargetsInParallel = 1;
				LastSwiftUpdateCheck = 1330;
				LastUpgradeCheck = 1330;
				TargetAttributes = {
					461CA36C28041307009CE3D6 = {
						CreatedOnToolsVersion = 13.3;
					};
					461CA37C28041308009CE3D6 = {
						CreatedOnToolsVersion = 13.3;
						TestTargetID = 461CA36C28041307009CE3D6;
					};
					461CA38628041308009CE3D6 = {
						CreatedOnToolsVersion = 13.3;
						TestTargetID = 461CA36C28041307009CE3D6;
					};
				};
			};
			buildConfigurationList = 461CA36828041307009CE3D6 /* Build configuration list for PBXProject "realm_swiftUI" */;
			compatibilityVersion = "Xcode 13.0";
			developmentRegion = en;
			hasScannedForEncodings = 0;
			knownRegions = (
				en,
				Base,
			);
			mainGroup = 461CA36428041307009CE3D6;
			packageReferences = (
				461CA39A2804F9FF009CE3D6 /* XCRemoteSwiftPackageReference "realm-swift" */,
			);
			productRefGroup = 461CA36E28041307009CE3D6 /* Products */;
			projectDirPath = "";
			projectRoot = "";
			targets = (
				461CA36C28041307009CE3D6 /* realm_swiftUI */,
				461CA37C28041308009CE3D6 /* realm_swiftUITests */,
				461CA38628041308009CE3D6 /* realm_swiftUIUITests */,
			);
		};
/* End PBXProject section */

/* Begin PBXResourcesBuildPhase section */
		461CA36B28041307009CE3D6 /* Resources */ = {
			isa = PBXResourcesBuildPhase;
			buildActionMask = 2147483647;
			files = (
				461CA37828041308009CE3D6 /* Preview Assets.xcassets in Resources */,
				461CA37528041308009CE3D6 /* Assets.xcassets in Resources */,
			);
			runOnlyForDeploymentPostprocessing = 0;
		};
		461CA37B28041308009CE3D6 /* Resources */ = {
			isa = PBXResourcesBuildPhase;
			buildActionMask = 2147483647;
			files = (
			);
			runOnlyForDeploymentPostprocessing = 0;
		};
		461CA38528041308009CE3D6 /* Resources */ = {
			isa = PBXResourcesBuildPhase;
			buildActionMask = 2147483647;
			files = (
			);
			runOnlyForDeploymentPostprocessing = 0;
		};
/* End PBXResourcesBuildPhase section */

/* Begin PBXSourcesBuildPhase section */
		461CA36928041307009CE3D6 /* Sources */ = {
			isa = PBXSourcesBuildPhase;
			buildActionMask = 2147483647;
			files = (
				461CA37328041307009CE3D6 /* ContentView.swift in Sources */,
				461CA37128041307009CE3D6 /* realm_swiftUIApp.swift in Sources */,
			);
			runOnlyForDeploymentPostprocessing = 0;
		};
		461CA37928041308009CE3D6 /* Sources */ = {
			isa = PBXSourcesBuildPhase;
			buildActionMask = 2147483647;
			files = (
				461CA38228041308009CE3D6 /* realm_swiftUITests.swift in Sources */,
			);
			runOnlyForDeploymentPostprocessing = 0;
		};
		461CA38328041308009CE3D6 /* Sources */ = {
			isa = PBXSourcesBuildPhase;
			buildActionMask = 2147483647;
			files = (
				461CA38E28041308009CE3D6 /* realm_swiftUIUITestsLaunchTests.swift in Sources */,
				461CA38C28041308009CE3D6 /* realm_swiftUIUITests.swift in Sources */,
			);
			runOnlyForDeploymentPostprocessing = 0;
		};
/* End PBXSourcesBuildPhase section */

/* Begin PBXTargetDependency section */
		461CA37F28041308009CE3D6 /* PBXTargetDependency */ = {
			isa = PBXTargetDependency;
			target = 461CA36C28041307009CE3D6 /* realm_swiftUI */;
			targetProxy = 461CA37E28041308009CE3D6 /* PBXContainerItemProxy */;
		};
		461CA38928041308009CE3D6 /* PBXTargetDependency */ = {
			isa = PBXTargetDependency;
			target = 461CA36C28041307009CE3D6 /* realm_swiftUI */;
			targetProxy = 461CA38828041308009CE3D6 /* PBXContainerItemProxy */;
		};
/* End PBXTargetDependency section */

/* Begin XCBuildConfiguration section */
		461CA38F28041308009CE3D6 /* Debug */ = {
			isa = XCBuildConfiguration;
			buildSettings = {
				ALWAYS_SEARCH_USER_PATHS = NO;
				CLANG_ANALYZER_NONNULL = YES;
				CLANG_ANALYZER_NUMBER_OBJECT_CONVERSION = YES_AGGRESSIVE;
				CLANG_CXX_LANGUAGE_STANDARD = "gnu++17";
				CLANG_ENABLE_MODULES = YES;
				CLANG_ENABLE_OBJC_ARC = YES;
				CLANG_ENABLE_OBJC_WEAK = YES;
				CLANG_WARN_BLOCK_CAPTURE_AUTORELEASING = YES;
				CLANG_WARN_BOOL_CONVERSION = YES;
				CLANG_WARN_COMMA = YES;
				CLANG_WARN_CONSTANT_CONVERSION = YES;
				CLANG_WARN_DEPRECATED_OBJC_IMPLEMENTATIONS = YES;
				CLANG_WARN_DIRECT_OBJC_ISA_USAGE = YES_ERROR;
				CLANG_WARN_DOCUMENTATION_COMMENTS = YES;
				CLANG_WARN_EMPTY_BODY = YES;
				CLANG_WARN_ENUM_CONVERSION = YES;
				CLANG_WARN_INFINITE_RECURSION = YES;
				CLANG_WARN_INT_CONVERSION = YES;
				CLANG_WARN_NON_LITERAL_NULL_CONVERSION = YES;
				CLANG_WARN_OBJC_IMPLICIT_RETAIN_SELF = YES;
				CLANG_WARN_OBJC_LITERAL_CONVERSION = YES;
				CLANG_WARN_OBJC_ROOT_CLASS = YES_ERROR;
				CLANG_WARN_QUOTED_INCLUDE_IN_FRAMEWORK_HEADER = YES;
				CLANG_WARN_RANGE_LOOP_ANALYSIS = YES;
				CLANG_WARN_STRICT_PROTOTYPES = YES;
				CLANG_WARN_SUSPICIOUS_MOVE = YES;
				CLANG_WARN_UNGUARDED_AVAILABILITY = YES_AGGRESSIVE;
				CLANG_WARN_UNREACHABLE_CODE = YES;
				CLANG_WARN__DUPLICATE_METHOD_MATCH = YES;
				COPY_PHASE_STRIP = NO;
				DEBUG_INFORMATION_FORMAT = dwarf;
				ENABLE_STRICT_OBJC_MSGSEND = YES;
				ENABLE_TESTABILITY = YES;
				GCC_C_LANGUAGE_STANDARD = gnu11;
				GCC_DYNAMIC_NO_PIC = NO;
				GCC_NO_COMMON_BLOCKS = YES;
				GCC_OPTIMIZATION_LEVEL = 0;
				GCC_PREPROCESSOR_DEFINITIONS = (
					"DEBUG=1",
					"$(inherited)",
				);
				GCC_WARN_64_TO_32_BIT_CONVERSION = YES;
				GCC_WARN_ABOUT_RETURN_TYPE = YES_ERROR;
				GCC_WARN_UNDECLARED_SELECTOR = YES;
				GCC_WARN_UNINITIALIZED_AUTOS = YES_AGGRESSIVE;
				GCC_WARN_UNUSED_FUNCTION = YES;
				GCC_WARN_UNUSED_VARIABLE = YES;
				IPHONEOS_DEPLOYMENT_TARGET = 15.4;
				MTL_ENABLE_DEBUG_INFO = INCLUDE_SOURCE;
				MTL_FAST_MATH = YES;
				ONLY_ACTIVE_ARCH = YES;
				SDKROOT = iphoneos;
				SWIFT_ACTIVE_COMPILATION_CONDITIONS = DEBUG;
				SWIFT_OPTIMIZATION_LEVEL = "-Onone";
			};
			name = Debug;
		};
		461CA39028041308009CE3D6 /* Release */ = {
			isa = XCBuildConfiguration;
			buildSettings = {
				ALWAYS_SEARCH_USER_PATHS = NO;
				CLANG_ANALYZER_NONNULL = YES;
				CLANG_ANALYZER_NUMBER_OBJECT_CONVERSION = YES_AGGRESSIVE;
				CLANG_CXX_LANGUAGE_STANDARD = "gnu++17";
				CLANG_ENABLE_MODULES = YES;
				CLANG_ENABLE_OBJC_ARC = YES;
				CLANG_ENABLE_OBJC_WEAK = YES;
				CLANG_WARN_BLOCK_CAPTURE_AUTORELEASING = YES;
				CLANG_WARN_BOOL_CONVERSION = YES;
				CLANG_WARN_COMMA = YES;
				CLANG_WARN_CONSTANT_CONVERSION = YES;
				CLANG_WARN_DEPRECATED_OBJC_IMPLEMENTATIONS = YES;
				CLANG_WARN_DIRECT_OBJC_ISA_USAGE = YES_ERROR;
				CLANG_WARN_DOCUMENTATION_COMMENTS = YES;
				CLANG_WARN_EMPTY_BODY = YES;
				CLANG_WARN_ENUM_CONVERSION = YES;
				CLANG_WARN_INFINITE_RECURSION = YES;
				CLANG_WARN_INT_CONVERSION = YES;
				CLANG_WARN_NON_LITERAL_NULL_CONVERSION = YES;
				CLANG_WARN_OBJC_IMPLICIT_RETAIN_SELF = YES;
				CLANG_WARN_OBJC_LITERAL_CONVERSION = YES;
				CLANG_WARN_OBJC_ROOT_CLASS = YES_ERROR;
				CLANG_WARN_QUOTED_INCLUDE_IN_FRAMEWORK_HEADER = YES;
				CLANG_WARN_RANGE_LOOP_ANALYSIS = YES;
				CLANG_WARN_STRICT_PROTOTYPES = YES;
				CLANG_WARN_SUSPICIOUS_MOVE = YES;
				CLANG_WARN_UNGUARDED_AVAILABILITY = YES_AGGRESSIVE;
				CLANG_WARN_UNREACHABLE_CODE = YES;
				CLANG_WARN__DUPLICATE_METHOD_MATCH = YES;
				COPY_PHASE_STRIP = NO;
				DEBUG_INFORMATION_FORMAT = "dwarf-with-dsym";
				ENABLE_NS_ASSERTIONS = NO;
				ENABLE_STRICT_OBJC_MSGSEND = YES;
				GCC_C_LANGUAGE_STANDARD = gnu11;
				GCC_NO_COMMON_BLOCKS = YES;
				GCC_WARN_64_TO_32_BIT_CONVERSION = YES;
				GCC_WARN_ABOUT_RETURN_TYPE = YES_ERROR;
				GCC_WARN_UNDECLARED_SELECTOR = YES;
				GCC_WARN_UNINITIALIZED_AUTOS = YES_AGGRESSIVE;
				GCC_WARN_UNUSED_FUNCTION = YES;
				GCC_WARN_UNUSED_VARIABLE = YES;
				IPHONEOS_DEPLOYMENT_TARGET = 15.4;
				MTL_ENABLE_DEBUG_INFO = NO;
				MTL_FAST_MATH = YES;
				SDKROOT = iphoneos;
				SWIFT_COMPILATION_MODE = wholemodule;
				SWIFT_OPTIMIZATION_LEVEL = "-O";
				VALIDATE_PRODUCT = YES;
			};
			name = Release;
		};
		461CA39228041308009CE3D6 /* Debug */ = {
			isa = XCBuildConfiguration;
			buildSettings = {
				ASSETCATALOG_COMPILER_APPICON_NAME = AppIcon;
				ASSETCATALOG_COMPILER_GLOBAL_ACCENT_COLOR_NAME = AccentColor;
				CODE_SIGN_STYLE = Automatic;
				CURRENT_PROJECT_VERSION = 1;
				DEVELOPMENT_ASSET_PATHS = "\"realm_swiftUI/Preview Content\"";
				DEVELOPMENT_TEAM = U9B2QVCTVS;
				ENABLE_PREVIEWS = YES;
				GENERATE_INFOPLIST_FILE = YES;
				INFOPLIST_KEY_UIApplicationSceneManifest_Generation = YES;
				INFOPLIST_KEY_UIApplicationSupportsIndirectInputEvents = YES;
				INFOPLIST_KEY_UILaunchScreen_Generation = YES;
				INFOPLIST_KEY_UISupportedInterfaceOrientations_iPad = "UIInterfaceOrientationPortrait UIInterfaceOrientationPortraitUpsideDown UIInterfaceOrientationLandscapeLeft UIInterfaceOrientationLandscapeRight";
				INFOPLIST_KEY_UISupportedInterfaceOrientations_iPhone = "UIInterfaceOrientationPortrait UIInterfaceOrientationLandscapeLeft UIInterfaceOrientationLandscapeRight";
				LD_RUNPATH_SEARCH_PATHS = (
					"$(inherited)",
					"@executable_path/Frameworks",
				);
				MARKETING_VERSION = 1.0;
				PRODUCT_BUNDLE_IDENTIFIER = "me.codecamper.realm-swiftUI";
				PRODUCT_NAME = "$(TARGET_NAME)";
				SWIFT_EMIT_LOC_STRINGS = YES;
				SWIFT_VERSION = 5.0;
				TARGETED_DEVICE_FAMILY = "1,2";
			};
			name = Debug;
		};
		461CA39328041308009CE3D6 /* Release */ = {
			isa = XCBuildConfiguration;
			buildSettings = {
				ASSETCATALOG_COMPILER_APPICON_NAME = AppIcon;
				ASSETCATALOG_COMPILER_GLOBAL_ACCENT_COLOR_NAME = AccentColor;
				CODE_SIGN_STYLE = Automatic;
				CURRENT_PROJECT_VERSION = 1;
				DEVELOPMENT_ASSET_PATHS = "\"realm_swiftUI/Preview Content\"";
				DEVELOPMENT_TEAM = U9B2QVCTVS;
				ENABLE_PREVIEWS = YES;
				GENERATE_INFOPLIST_FILE = YES;
				INFOPLIST_KEY_UIApplicationSceneManifest_Generation = YES;
				INFOPLIST_KEY_UIApplicationSupportsIndirectInputEvents = YES;
				INFOPLIST_KEY_UILaunchScreen_Generation = YES;
				INFOPLIST_KEY_UISupportedInterfaceOrientations_iPad = "UIInterfaceOrientationPortrait UIInterfaceOrientationPortraitUpsideDown UIInterfaceOrientationLandscapeLeft UIInterfaceOrientationLandscapeRight";
				INFOPLIST_KEY_UISupportedInterfaceOrientations_iPhone = "UIInterfaceOrientationPortrait UIInterfaceOrientationLandscapeLeft UIInterfaceOrientationLandscapeRight";
				LD_RUNPATH_SEARCH_PATHS = (
					"$(inherited)",
					"@executable_path/Frameworks",
				);
				MARKETING_VERSION = 1.0;
				PRODUCT_BUNDLE_IDENTIFIER = "me.codecamper.realm-swiftUI";
				PRODUCT_NAME = "$(TARGET_NAME)";
				SWIFT_EMIT_LOC_STRINGS = YES;
				SWIFT_VERSION = 5.0;
				TARGETED_DEVICE_FAMILY = "1,2";
			};
			name = Release;
		};
		461CA39528041308009CE3D6 /* Debug */ = {
			isa = XCBuildConfiguration;
			buildSettings = {
				ALWAYS_EMBED_SWIFT_STANDARD_LIBRARIES = YES;
				BUNDLE_LOADER = "$(TEST_HOST)";
				CODE_SIGN_STYLE = Automatic;
				CURRENT_PROJECT_VERSION = 1;
				DEVELOPMENT_TEAM = U9B2QVCTVS;
				GENERATE_INFOPLIST_FILE = YES;
				IPHONEOS_DEPLOYMENT_TARGET = 15.4;
				MARKETING_VERSION = 1.0;
				PRODUCT_BUNDLE_IDENTIFIER = "me.codecamper.realm-swiftUITests";
				PRODUCT_NAME = "$(TARGET_NAME)";
				SWIFT_EMIT_LOC_STRINGS = NO;
				SWIFT_VERSION = 5.0;
				TARGETED_DEVICE_FAMILY = "1,2";
				TEST_HOST = "$(BUILT_PRODUCTS_DIR)/realm_swiftUI.app/realm_swiftUI";
			};
			name = Debug;
		};
		461CA39628041308009CE3D6 /* Release */ = {
			isa = XCBuildConfiguration;
			buildSettings = {
				ALWAYS_EMBED_SWIFT_STANDARD_LIBRARIES = YES;
				BUNDLE_LOADER = "$(TEST_HOST)";
				CODE_SIGN_STYLE = Automatic;
				CURRENT_PROJECT_VERSION = 1;
				DEVELOPMENT_TEAM = U9B2QVCTVS;
				GENERATE_INFOPLIST_FILE = YES;
				IPHONEOS_DEPLOYMENT_TARGET = 15.4;
				MARKETING_VERSION = 1.0;
				PRODUCT_BUNDLE_IDENTIFIER = "me.codecamper.realm-swiftUITests";
				PRODUCT_NAME = "$(TARGET_NAME)";
				SWIFT_EMIT_LOC_STRINGS = NO;
				SWIFT_VERSION = 5.0;
				TARGETED_DEVICE_FAMILY = "1,2";
				TEST_HOST = "$(BUILT_PRODUCTS_DIR)/realm_swiftUI.app/realm_swiftUI";
			};
			name = Release;
		};
		461CA39828041308009CE3D6 /* Debug */ = {
			isa = XCBuildConfiguration;
			buildSettings = {
				ALWAYS_EMBED_SWIFT_STANDARD_LIBRARIES = YES;
				CODE_SIGN_STYLE = Automatic;
				CURRENT_PROJECT_VERSION = 1;
				DEVELOPMENT_TEAM = U9B2QVCTVS;
				GENERATE_INFOPLIST_FILE = YES;
				MARKETING_VERSION = 1.0;
				PRODUCT_BUNDLE_IDENTIFIER = "me.codecamper.realm-swiftUIUITests";
				PRODUCT_NAME = "$(TARGET_NAME)";
				SWIFT_EMIT_LOC_STRINGS = NO;
				SWIFT_VERSION = 5.0;
				TARGETED_DEVICE_FAMILY = "1,2";
				TEST_TARGET_NAME = realm_swiftUI;
			};
			name = Debug;
		};
		461CA39928041308009CE3D6 /* Release */ = {
			isa = XCBuildConfiguration;
			buildSettings = {
				ALWAYS_EMBED_SWIFT_STANDARD_LIBRARIES = YES;
				CODE_SIGN_STYLE = Automatic;
				CURRENT_PROJECT_VERSION = 1;
				DEVELOPMENT_TEAM = U9B2QVCTVS;
				GENERATE_INFOPLIST_FILE = YES;
				MARKETING_VERSION = 1.0;
				PRODUCT_BUNDLE_IDENTIFIER = "me.codecamper.realm-swiftUIUITests";
				PRODUCT_NAME = "$(TARGET_NAME)";
				SWIFT_EMIT_LOC_STRINGS = NO;
				SWIFT_VERSION = 5.0;
				TARGETED_DEVICE_FAMILY = "1,2";
				TEST_TARGET_NAME = realm_swiftUI;
			};
			name = Release;
		};
/* End XCBuildConfiguration section */

/* Begin XCConfigurationList section */
		461CA36828041307009CE3D6 /* Build configuration list for PBXProject "realm_swiftUI" */ = {
			isa = XCConfigurationList;
			buildConfigurations = (
				461CA38F28041308009CE3D6 /* Debug */,
				461CA39028041308009CE3D6 /* Release */,
			);
			defaultConfigurationIsVisible = 0;
			defaultConfigurationName = Release;
		};
		461CA39128041308009CE3D6 /* Build configuration list for PBXNativeTarget "realm_swiftUI" */ = {
			isa = XCConfigurationList;
			buildConfigurations = (
				461CA39228041308009CE3D6 /* Debug */,
				461CA39328041308009CE3D6 /* Release */,
			);
			defaultConfigurationIsVisible = 0;
			defaultConfigurationName = Release;
		};
		461CA39428041308009CE3D6 /* Build configuration list for PBXNativeTarget "realm_swiftUITests" */ = {
			isa = XCConfigurationList;
			buildConfigurations = (
				461CA39528041308009CE3D6 /* Debug */,
				461CA39628041308009CE3D6 /* Release */,
			);
			defaultConfigurationIsVisible = 0;
			defaultConfigurationName = Release;
		};
		461CA39728041308009CE3D6 /* Build configuration list for PBXNativeTarget "realm_swiftUIUITests" */ = {
			isa = XCConfigurationList;
			buildConfigurations = (
				461CA39828041308009CE3D6 /* Debug */,
				461CA39928041308009CE3D6 /* Release */,
			);
			defaultConfigurationIsVisible = 0;
			defaultConfigurationName = Release;
		};
/* End XCConfigurationList section */

/* Begin XCRemoteSwiftPackageReference section */
		461CA39A2804F9FF009CE3D6 /* XCRemoteSwiftPackageReference "realm-swift" */ = {
			isa = XCRemoteSwiftPackageReference;
			repositoryURL = "https://github.com/realm/realm-swift.git";
			requirement = {
				kind = upToNextMajorVersion;
				minimumVersion = 10.19.0;
			};
		};
/* End XCRemoteSwiftPackageReference section */

/* Begin XCSwiftPackageProductDependency section */
		461CA39B2804F9FF009CE3D6 /* Realm */ = {
			isa = XCSwiftPackageProductDependency;
			package = 461CA39A2804F9FF009CE3D6 /* XCRemoteSwiftPackageReference "realm-swift" */;
			productName = Realm;
		};
		461CA39D2804F9FF009CE3D6 /* RealmSwift */ = {
			isa = XCSwiftPackageProductDependency;
			package = 461CA39A2804F9FF009CE3D6 /* XCRemoteSwiftPackageReference "realm-swift" */;
			productName = RealmSwift;
		};
/* End XCSwiftPackageProductDependency section */
	};
	rootObject = 461CA36528041307009CE3D6 /* Project object */;
}
